
Microsoft Visual Studio Solution File, Format Version 12.00
# Visual Studio 15
VisualStudioVersion = 15.0.28307.136
MinimumVisualStudioVersion = 10.0.40219.1
Project("{9A19103F-16F7-4668-BE54-9A1E7A4F7556}") = "SwitchFully.IntakeApp.API", "SwitchFully.IntakeApp.API\SwitchFully.IntakeApp.API.csproj", "{5F5E0483-278A-4A22-8611-578DD91A554A}"
EndProject
Project("{9A19103F-16F7-4668-BE54-9A1E7A4F7556}") = "SwitchFully.IntakeApp.Domain", "SwitchFully.IntakeApp.Domain\SwitchFully.IntakeApp.Domain.csproj", "{6290DE88-DD4B-4C8A-98E4-3D0F18880B4B}"
EndProject
Project("{9A19103F-16F7-4668-BE54-9A1E7A4F7556}") = "SwitchFully.IntakeApp.Service", "SwitchFully.IntakeApp.Service\SwitchFully.IntakeApp.Service.csproj", "{6421BB85-26B8-4DC6-A294-B978E34F3679}"
EndProject
Project("{9A19103F-16F7-4668-BE54-9A1E7A4F7556}") = "SwitchFully.IntakeApp.Data", "SwitchFully.IntakeApp.Data\SwitchFully.IntakeApp.Data.csproj", "{63035834-C5CC-4462-88B7-6D4958DB1DAC}"
EndProject
Project("{2150E333-8FDC-42A3-9474-1A3956D46DE8}") = "SwitchFully.IntakeApp.Tests", "SwitchFully.IntakeApp.Tests", "{7D5A2577-1E33-4190-B03E-3B81CEC8BE50}"
EndProject
Project("{9A19103F-16F7-4668-BE54-9A1E7A4F7556}") = "SwitchFully.IntakeApp.Domain.Tests", "SwitchFully.IntakeApp.Tests\SwitchFully.IntakeApp.Domain.Tests\SwitchFully.IntakeApp.Domain.Tests.csproj", "{D12CE95F-0130-499C-B634-E7CD0A5E48A4}"
EndProject
Project("{9A19103F-16F7-4668-BE54-9A1E7A4F7556}") = "SwitchFully.IntakeApp.Service.Tests", "SwitchFully.IntakeApp.Tests\SwitchFully.IntakeApp.Service.Tests\SwitchFully.IntakeApp.Service.Tests.csproj", "{BB0F3F57-3FBA-4E05-B96D-B8B92886C0E0}"
EndProject
Project("{9A19103F-16F7-4668-BE54-9A1E7A4F7556}") = "SwitchFully.IntakeApp.Integration.Tests", "SwitchFully.IntakeApp.Tests\SwitchFully.IntakeApp.Tests.Integration.Tests\SwitchFully.IntakeApp.Integration.Tests.csproj", "{A18E2C28-5819-42C5-A772-3EFBB9B83D2E}"
EndProject
Project("{9A19103F-16F7-4668-BE54-9A1E7A4F7556}") = "SwitchFully.IntakeApp.Controller.Tests", "SwitchFully.IntakeApp.Tests\SwitchFully.IntakeApp.Controller.Tests\SwitchFully.IntakeApp.Controller.Tests.csproj", "{B4711259-CC8E-4E47-8AA0-AAF78D593B4D}"
EndProject
Global
	GlobalSection(SolutionConfigurationPlatforms) = preSolution
		Debug|Any CPU = Debug|Any CPU
		Release|Any CPU = Release|Any CPU
	EndGlobalSection
	GlobalSection(ProjectConfigurationPlatforms) = postSolution
		{5F5E0483-278A-4A22-8611-578DD91A554A}.Debug|Any CPU.ActiveCfg = Debug|Any CPU
		{5F5E0483-278A-4A22-8611-578DD91A554A}.Debug|Any CPU.Build.0 = Debug|Any CPU
		{5F5E0483-278A-4A22-8611-578DD91A554A}.Release|Any CPU.ActiveCfg = Release|Any CPU
		{5F5E0483-278A-4A22-8611-578DD91A554A}.Release|Any CPU.Build.0 = Release|Any CPU
		{6290DE88-DD4B-4C8A-98E4-3D0F18880B4B}.Debug|Any CPU.ActiveCfg = Debug|Any CPU
		{6290DE88-DD4B-4C8A-98E4-3D0F18880B4B}.Debug|Any CPU.Build.0 = Debug|Any CPU
		{6290DE88-DD4B-4C8A-98E4-3D0F18880B4B}.Release|Any CPU.ActiveCfg = Release|Any CPU
		{6290DE88-DD4B-4C8A-98E4-3D0F18880B4B}.Release|Any CPU.Build.0 = Release|Any CPU
		{6421BB85-26B8-4DC6-A294-B978E34F3679}.Debug|Any CPU.ActiveCfg = Debug|Any CPU
		{6421BB85-26B8-4DC6-A294-B978E34F3679}.Debug|Any CPU.Build.0 = Debug|Any CPU
		{6421BB85-26B8-4DC6-A294-B978E34F3679}.Release|Any CPU.ActiveCfg = Release|Any CPU
		{6421BB85-26B8-4DC6-A294-B978E34F3679}.Release|Any CPU.Build.0 = Release|Any CPU
		{63035834-C5CC-4462-88B7-6D4958DB1DAC}.Debug|Any CPU.ActiveCfg = Debug|Any CPU
		{63035834-C5CC-4462-88B7-6D4958DB1DAC}.Debug|Any CPU.Build.0 = Debug|Any CPU
		{63035834-C5CC-4462-88B7-6D4958DB1DAC}.Release|Any CPU.ActiveCfg = Release|Any CPU
		{63035834-C5CC-4462-88B7-6D4958DB1DAC}.Release|Any CPU.Build.0 = Release|Any CPU
		{D12CE95F-0130-499C-B634-E7CD0A5E48A4}.Debug|Any CPU.ActiveCfg = Debug|Any CPU
		{D12CE95F-0130-499C-B634-E7CD0A5E48A4}.Debug|Any CPU.Build.0 = Debug|Any CPU
		{D12CE95F-0130-499C-B634-E7CD0A5E48A4}.Release|Any CPU.ActiveCfg = Release|Any CPU
		{D12CE95F-0130-499C-B634-E7CD0A5E48A4}.Release|Any CPU.Build.0 = Release|Any CPU
		{BB0F3F57-3FBA-4E05-B96D-B8B92886C0E0}.Debug|Any CPU.ActiveCfg = Debug|Any CPU
		{BB0F3F57-3FBA-4E05-B96D-B8B92886C0E0}.Debug|Any CPU.Build.0 = Debug|Any CPU
		{BB0F3F57-3FBA-4E05-B96D-B8B92886C0E0}.Release|Any CPU.ActiveCfg = Release|Any CPU
		{BB0F3F57-3FBA-4E05-B96D-B8B92886C0E0}.Release|Any CPU.Build.0 = Release|Any CPU
		{A18E2C28-5819-42C5-A772-3EFBB9B83D2E}.Debug|Any CPU.ActiveCfg = Debug|Any CPU
		{A18E2C28-5819-42C5-A772-3EFBB9B83D2E}.Debug|Any CPU.Build.0 = Debug|Any CPU
		{A18E2C28-5819-42C5-A772-3EFBB9B83D2E}.Release|Any CPU.ActiveCfg = Release|Any CPU
		{A18E2C28-5819-42C5-A772-3EFBB9B83D2E}.Release|Any CPU.Build.0 = Release|Any CPU
		{B4711259-CC8E-4E47-8AA0-AAF78D593B4D}.Debug|Any CPU.ActiveCfg = Debug|Any CPU
		{B4711259-CC8E-4E47-8AA0-AAF78D593B4D}.Debug|Any CPU.Build.0 = Debug|Any CPU
		{B4711259-CC8E-4E47-8AA0-AAF78D593B4D}.Release|Any CPU.ActiveCfg = Release|Any CPU
		{B4711259-CC8E-4E47-8AA0-AAF78D593B4D}.Release|Any CPU.Build.0 = Release|Any CPU
	EndGlobalSection
	GlobalSection(SolutionProperties) = preSolution
		HideSolutionNode = FALSE
	EndGlobalSection
	GlobalSection(NestedProjects) = preSolution
		{D12CE95F-0130-499C-B634-E7CD0A5E48A4} = {7D5A2577-1E33-4190-B03E-3B81CEC8BE50}
		{BB0F3F57-3FBA-4E05-B96D-B8B92886C0E0} = {7D5A2577-1E33-4190-B03E-3B81CEC8BE50}
		{A18E2C28-5819-42C5-A772-3EFBB9B83D2E} = {7D5A2577-1E33-4190-B03E-3B81CEC8BE50}
		{B4711259-CC8E-4E47-8AA0-AAF78D593B4D} = {7D5A2577-1E33-4190-B03E-3B81CEC8BE50}
	EndGlobalSection
	GlobalSection(ExtensibilityGlobals) = postSolution
		SolutionGuid = {A407B739-E12D-4BE9-94A0-17CA82D0D03E}
	EndGlobalSection
EndGlobal
